
Microsoft Visual Studio Solution File, Format Version 12.00
# Visual Studio Version 17
VisualStudioVersion = 17.7.34031.279
MinimumVisualStudioVersion = 10.0.40219.1
Project("{2150E333-8FDC-42A3-9474-1A3956D46DE8}") = "src", "src", "{C72C1D80-B8A2-4D73-A013-0CBEB1882E67}"
EndProject
Project("{9A19103F-16F7-4668-BE54-9A1E7A4F7556}") = "Logic", "src\Logic\Logic.csproj", "{D8F97AAB-59BF-4094-8D52-96BBBC296F53}"
EndProject
Project("{9A19103F-16F7-4668-BE54-9A1E7A4F7556}") = "Api", "src\Api\Api.csproj", "{50E889C7-887D-4E62-B359-66D3DA7AE659}"
EndProject
Global
	GlobalSection(SolutionConfigurationPlatforms) = preSolution
		Debug|Any CPU = Debug|Any CPU
		Release|Any CPU = Release|Any CPU
	EndGlobalSection
	GlobalSection(ProjectConfigurationPlatforms) = postSolution
		{D8F97AAB-59BF-4094-8D52-96BBBC296F53}.Debug|Any CPU.ActiveCfg = Debug|Any CPU
		{D8F97AAB-59BF-4094-8D52-96BBBC296F53}.Debug|Any CPU.Build.0 = Debug|Any CPU
		{D8F97AAB-59BF-4094-8D52-96BBBC296F53}.Release|Any CPU.ActiveCfg = Release|Any CPU
		{D8F97AAB-59BF-4094-8D52-96BBBC296F53}.Release|Any CPU.Build.0 = Release|Any CPU
		{50E889C7-887D-4E62-B359-66D3DA7AE659}.Debug|Any CPU.ActiveCfg = Debug|Any CPU
		{50E889C7-887D-4E62-B359-66D3DA7AE659}.Debug|Any CPU.Build.0 = Debug|Any CPU
		{50E889C7-887D-4E62-B359-66D3DA7AE659}.Release|Any CPU.ActiveCfg = Release|Any CPU
		{50E889C7-887D-4E62-B359-66D3DA7AE659}.Release|Any CPU.Build.0 = Release|Any CPU
	EndGlobalSection
	GlobalSection(SolutionProperties) = preSolution
		HideSolutionNode = FALSE
	EndGlobalSection
	GlobalSection(NestedProjects) = preSolution
		{D8F97AAB-59BF-4094-8D52-96BBBC296F53} = {C72C1D80-B8A2-4D73-A013-0CBEB1882E67}
		{50E889C7-887D-4E62-B359-66D3DA7AE659} = {C72C1D80-B8A2-4D73-A013-0CBEB1882E67}
	EndGlobalSection
	GlobalSection(ExtensibilityGlobals) = postSolution
		SolutionGuid = {E4FF4C66-0B6E-4682-BADC-1622FDB4F3A1}
	EndGlobalSection
EndGlobal
